version = 1
revision = 3
requires-python = "==3.11.*"

[[package]]
name = "credit-scoring"
version = "0.1.0"
source = { virtual = "." }
dependencies = [
    { name = "torch" },
    { name = "torchvision" },
]

[package.metadata]
requires-dist = [
    { name = "torch", specifier = ">=2.9.1" },
    { name = "torchvision", specifier = ">=0.24.1" },
]

[[package]]
name = "filelock"
version = "3.20.3"
source = { registry = "https://pypi.org/simple" }
sdist = { url = "https://files.pythonhosted.org/packages/1d/65/ce7f1b70157833bf3cb851b556a37d4547ceafc158aa9b34b36782f23696/filelock-3.20.3.tar.gz", hash = "sha256:18c57ee915c7ec61cff0ecf7f0f869936c7c30191bb0cf406f1341778d0834e1", size = 19485, upload-time = "2026-01-09T17:55:05.421Z" }
wheels = [
    { url = "https://files.pythonhosted.org/packages/b5/36/7fb70f04bf00bc646cd5bb45aa9eddb15e19437a28b8fb2b4a5249fac770/filelock-3.20.3-py3-none-any.whl", hash = "sha256:4b0dda527ee31078689fc205ec4f1c1bf7d56cf88b6dc9426c4f230e46c2dce1", size = 16701, upload-time = "2026-01-09T17:55:04.334Z" },
]

[[package]]
name = "fsspec"
version = "2026.1.0"
source = { registry = "https://pypi.org/simple" }
sdist = { url = "https://files.pythonhosted.org/packages/d5/7d/5df2650c57d47c57232af5ef4b4fdbff182070421e405e0d62c6cdbfaa87/fsspec-2026.1.0.tar.gz", hash = "sha256:e987cb0496a0d81bba3a9d1cee62922fb395e7d4c3b575e57f547953334fe07b", size = 310496, upload-time = "2026-01-09T15:21:35.562Z" }
wheels = [
    { url = "https://files.pythonhosted.org/packages/01/c9/97cc5aae1648dcb851958a3ddf73ccd7dbe5650d95203ecb4d7720b4cdbf/fsspec-2026.1.0-py3-none-any.whl", hash = "sha256:cb76aa913c2285a3b49bdd5fc55b1d7c708d7208126b60f2eb8194fe1b4cbdcc", size = 201838, upload-time = "2026-01-09T15:21:34.041Z" },
]

[[package]]
name = "jinja2"
version = "3.1.6"
source = { registry = "https://pypi.org/simple" }
dependencies = [
    { name = "markupsafe" },
]
sdist = { url = "https://files.pythonhosted.org/packages/df/bf/f7da0350254c0ed7c72f3e33cef02e048281fec7ecec5f032d4aac52226b/jinja2-3.1.6.tar.gz", hash = "sha256:0137fb05990d35f1275a587e9aee6d56da821fc83491a0fb838183be43f66d6d", size = 245115, upload-time = "2025-03-05T20:05:02.478Z" }
wheels = [
    { url = "https://files.pythonhosted.org/packages/62/a1/3d680cbfd5f4b8f15abc1d571870c5fc3e594bb582bc3b64ea099db13e56/jinja2-3.1.6-py3-none-any.whl", hash = "sha256:85ece4451f492d0c13c5dd7c13a64681a86afae63a5f347908daf103ce6d2f67", size = 134899, upload-time = "2025-03-05T20:05:00.369Z" },
]

[[package]]
name = "markupsafe"
version = "3.0.3"
source = { registry = "https://pypi.org/simple" }
sdist = { url = "https://files.pythonhosted.org/packages/7e/99/7690b6d4034fffd95959cbe0c02de8deb3098cc577c67bb6a24fe5d7caa7/markupsafe-3.0.3.tar.gz", hash = "sha256:722695808f4b6457b320fdc131280796bdceb04ab50fe1795cd540799ebe1698", size = 80313, upload-time = "2025-09-27T18:37:40.426Z" }
wheels = [
    { url = "https://files.pythonhosted.org/packages/08/db/fefacb2136439fc8dd20e797950e749aa1f4997ed584c62cfb8ef7c2be0e/markupsafe-3.0.3-cp311-cp311-macosx_10_9_x86_64.whl", hash = "sha256:1cc7ea17a6824959616c525620e387f6dd30fec8cb44f649e31712db02123dad", size = 11631, upload-time = "2025-09-27T18:36:18.185Z" },
    { url = "https://files.pythonhosted.org/packages/e1/2e/5898933336b61975ce9dc04decbc0a7f2fee78c30353c5efba7f2d6ff27a/markupsafe-3.0.3-cp311-cp311-macosx_11_0_arm64.whl", hash = "sha256:4bd4cd07944443f5a265608cc6aab442e4f74dff8088b0dfc8238647b8f6ae9a", size = 12058, upload-time = "2025-09-27T18:36:19.444Z" },
    { url = "https://files.pythonhosted.org/packages/1d/09/adf2df3699d87d1d8184038df46a9c80d78c0148492323f4693df54e17bb/markupsafe-3.0.3-cp311-cp311-manylinux2014_aarch64.manylinux_2_17_aarch64.manylinux_2_28_aarch64.whl", hash = "sha256:6b5420a1d9450023228968e7e6a9ce57f65d148ab56d2313fcd589eee96a7a50", size = 24287, upload-time = "2025-09-27T18:36:20.768Z" },
    { url = "https://files.pythonhosted.org/packages/30/ac/0273f6fcb5f42e314c6d8cd99effae6a5354604d461b8d392b5ec9530a54/markupsafe-3.0.3-cp311-cp311-manylinux2014_x86_64.manylinux_2_17_x86_64.manylinux_2_28_x86_64.whl", hash = "sha256:0bf2a864d67e76e5c9a34dc26ec616a66b9888e25e7b9460e1c76d3293bd9dbf", size = 22940, upload-time = "2025-09-27T18:36:22.249Z" },
    { url = "https://files.pythonhosted.org/packages/19/ae/31c1be199ef767124c042c6c3e904da327a2f7f0cd63a0337e1eca2967a8/markupsafe-3.0.3-cp311-cp311-manylinux_2_31_riscv64.manylinux_2_39_riscv64.whl", hash = "sha256:bc51efed119bc9cfdf792cdeaa4d67e8f6fcccab66ed4bfdd6bde3e59bfcbb2f", size = 21887, upload-time = "2025-09-27T18:36:23.535Z" },
    { url = "https://files.pythonhosted.org/packages/b2/76/7edcab99d5349a4532a459e1fe64f0b0467a3365056ae550d3bcf3f79e1e/markupsafe-3.0.3-cp311-cp311-musllinux_1_2_aarch64.whl", hash = "sha256:068f375c472b3e7acbe2d5318dea141359e6900156b5b2ba06a30b169086b91a", size = 23692, upload-time = "2025-09-27T18:36:24.823Z" },
    { url = "https://files.pythonhosted.org/packages/a4/28/6e74cdd26d7514849143d69f0bf2399f929c37dc2b31e6829fd2045b2765/markupsafe-3.0.3-cp311-cp311-musllinux_1_2_riscv64.whl", hash = "sha256:7be7b61bb172e1ed687f1754f8e7484f1c8019780f6f6b0786e76bb01c2ae115", size = 21471, upload-time = "2025-09-27T18:36:25.95Z" },
    { url = "https://files.pythonhosted.org/packages/62/7e/a145f36a5c2945673e590850a6f8014318d5577ed7e5920a4b3448e0865d/markupsafe-3.0.3-cp311-cp311-musllinux_1_2_x86_64.whl", hash = "sha256:f9e130248f4462aaa8e2552d547f36ddadbeaa573879158d721bbd33dfe4743a", size = 22923, upload-time = "2025-09-27T18:36:27.109Z" },
    { url = "https://files.pythonhosted.org/packages/0f/62/d9c46a7f5c9adbeeeda52f5b8d802e1094e9717705a645efc71b0913a0a8/markupsafe-3.0.3-cp311-cp311-win32.whl", hash = "sha256:0db14f5dafddbb6d9208827849fad01f1a2609380add406671a26386cdf15a19", size = 14572, upload-time = "2025-09-27T18:36:28.045Z" },
    { url = "https://files.pythonhosted.org/packages/83/8a/4414c03d3f891739326e1783338e48fb49781cc915b2e0ee052aa490d586/markupsafe-3.0.3-cp311-cp311-win_amd64.whl", hash = "sha256:de8a88e63464af587c950061a5e6a67d3632e36df62b986892331d4620a35c01", size = 15077, upload-time = "2025-09-27T18:36:29.025Z" },
    { url = "https://files.pythonhosted.org/packages/35/73/893072b42e6862f319b5207adc9ae06070f095b358655f077f69a35601f0/markupsafe-3.0.3-cp311-cp311-win_arm64.whl", hash = "sha256:3b562dd9e9ea93f13d53989d23a7e775fdfd1066c33494ff43f5418bc8c58a5c", size = 13876, upload-time = "2025-09-27T18:36:29.954Z" },
]

[[package]]
name = "mpmath"
version = "1.3.0"
source = { registry = "https://pypi.org/simple" }
sdist = { url = "https://files.pythonhosted.org/packages/e0/47/dd32fa426cc72114383ac549964eecb20ecfd886d1e5ccf5340b55b02f57/mpmath-1.3.0.tar.gz", hash = "sha256:7a28eb2a9774d00c7bc92411c19a89209d5da7c4c9a9e227be8330a23a25b91f", size = 508106, upload-time = "2023-03-07T16:47:11.061Z" }
wheels = [
    { url = "https://files.pythonhosted.org/packages/43/e3/7d92a15f894aa0c9c4b49b8ee9ac9850d6e63b03c9c32c0367a13ae62209/mpmath-1.3.0-py3-none-any.whl", hash = "sha256:a0b2b9fe80bbcd81a6647ff13108738cfb482d481d826cc0e02f5b35e5c88d2c", size = 536198, upload-time = "2023-03-07T16:47:09.197Z" },
]

[[package]]
name = "networkx"
version = "3.6.1"
source = { registry = "https://pypi.org/simple" }
sdist = { url = "https://files.pythonhosted.org/packages/6a/51/63fe664f3908c97be9d2e4f1158eb633317598cfa6e1fc14af5383f17512/networkx-3.6.1.tar.gz", hash = "sha256:26b7c357accc0c8cde558ad486283728b65b6a95d85ee1cd66bafab4c8168509", size = 2517025, upload-time = "2025-12-08T17:02:39.908Z" }
wheels = [
    { url = "https://files.pythonhosted.org/packages/9e/c9/b2622292ea83fbb4ec318f5b9ab867d0a28ab43c5717bb85b0a5f6b3b0a4/networkx-3.6.1-py3-none-any.whl", hash = "sha256:d47fbf302e7d9cbbb9e2555a0d267983d2aa476bac30e90dfbe5669bd57f3762", size = 2068504, upload-time = "2025-12-08T17:02:38.159Z" },
]

[[package]]
name = "numpy"
version = "2.4.1"
source = { registry = "https://pypi.org/simple" }
sdist = { url = "https://files.pythonhosted.org/packages/24/62/ae72ff66c0f1fd959925b4c11f8c2dea61f47f6acaea75a08512cdfe3fed/numpy-2.4.1.tar.gz", hash = "sha256:a1ceafc5042451a858231588a104093474c6a5c57dcc724841f5c888d237d690", size = 20721320, upload-time = "2026-01-10T06:44:59.619Z" }
wheels = [
    { url = "https://files.pythonhosted.org/packages/a5/34/2b1bc18424f3ad9af577f6ce23600319968a70575bd7db31ce66731bbef9/numpy-2.4.1-cp311-cp311-macosx_10_9_x86_64.whl", hash = "sha256:0cce2a669e3c8ba02ee563c7835f92c153cf02edff1ae05e1823f1dde21b16a5", size = 16944563, upload-time = "2026-01-10T06:42:14.615Z" },
    { url = "https://files.pythonhosted.org/packages/2c/57/26e5f97d075aef3794045a6ca9eada6a4ed70eb9a40e7a4a93f9ac80d704/numpy-2.4.1-cp311-cp311-macosx_11_0_arm64.whl", hash = "sha256:899d2c18024984814ac7e83f8f49d8e8180e2fbe1b2e252f2e7f1d06bea92425", size = 12645658, upload-time = "2026-01-10T06:42:17.298Z" },
    { url = "https://files.pythonhosted.org/packages/8e/ba/80fc0b1e3cb2fd5c6143f00f42eb67762aa043eaa05ca924ecc3222a7849/numpy-2.4.1-cp311-cp311-macosx_14_0_arm64.whl", hash = "sha256:09aa8a87e45b55a1c2c205d42e2808849ece5c484b2aab11fecabec3841cafba", size = 5474132, upload-time = "2026-01-10T06:42:19.637Z" },
    { url = "https://files.pythonhosted.org/packages/40/ae/0a5b9a397f0e865ec171187c78d9b57e5588afc439a04ba9cab1ebb2c945/numpy-2.4.1-cp311-cp311-macosx_14_0_x86_64.whl", hash = "sha256:edee228f76ee2dab4579fad6f51f6a305de09d444280109e0f75df247ff21501", size = 6804159, upload-time = "2026-01-10T06:42:21.44Z" },
    { url = "https://files.pythonhosted.org/packages/86/9c/841c15e691c7085caa6fd162f063eff494099c8327aeccd509d1ab1e36ab/numpy-2.4.1-cp311-cp311-manylinux_2_27_aarch64.manylinux_2_28_aarch64.whl", hash = "sha256:a92f227dbcdc9e4c3e193add1a189a9909947d4f8504c576f4a732fd0b54240a", size = 14708058, upload-time = "2026-01-10T06:42:23.546Z" },
    { url = "https://files.pythonhosted.org/packages/5d/9d/7862db06743f489e6a502a3b93136d73aea27d97b2cf91504f70a27501d6/numpy-2.4.1-cp311-cp311-manylinux_2_27_x86_64.manylinux_2_28_x86_64.whl", hash = "sha256:538bf4ec353709c765ff75ae616c34d3c3dca1a68312727e8f2676ea644f8509", size = 16651501, upload-time = "2026-01-10T06:42:25.909Z" },
    { url = "https://files.pythonhosted.org/packages/a6/9c/6fc34ebcbd4015c6e5f0c0ce38264010ce8a546cb6beacb457b84a75dfc8/numpy-2.4.1-cp311-cp311-musllinux_1_2_aarch64.whl", hash = "sha256:ac08c63cb7779b85e9d5318e6c3518b424bc1f364ac4cb2c6136f12e5ff2dccc", size = 16492627, upload-time = "2026-01-10T06:42:28.938Z" },
    { url = "https://files.pythonhosted.org/packages/aa/63/2494a8597502dacda439f61b3c0db4da59928150e62be0e99395c3ad23c5/numpy-2.4.1-cp311-cp311-musllinux_1_2_x86_64.whl", hash = "sha256:4f9c360ecef085e5841c539a9a12b883dff005fbd7ce46722f5e9cef52634d82", size = 18585052, upload-time = "2026-01-10T06:42:31.312Z" },
    { url = "https://files.pythonhosted.org/packages/6a/93/098e1162ae7522fc9b618d6272b77404c4656c72432ecee3abc029aa3de0/numpy-2.4.1-cp311-cp311-win32.whl", hash = "sha256:0f118ce6b972080ba0758c6087c3617b5ba243d806268623dc34216d69099ba0", size = 6236575, upload-time = "2026-01-10T06:42:33.872Z" },
    { url = "https://files.pythonhosted.org/packages/8c/de/f5e79650d23d9e12f38a7bc6b03ea0835b9575494f8ec94c11c6e773b1b1/numpy-2.4.1-cp311-cp311-win_amd64.whl", hash = "sha256:18e14c4d09d55eef39a6ab5b08406e84bc6869c1e34eef45564804f90b7e0574", size = 12604479, upload-time = "2026-01-10T06:42:35.778Z" },
    { url = "https://files.pythonhosted.org/packages/dd/65/e1097a7047cff12ce3369bd003811516b20ba1078dbdec135e1cd7c16c56/numpy-2.4.1-cp311-cp311-win_arm64.whl", hash = "sha256:6461de5113088b399d655d45c3897fa188766415d0f568f175ab071c8873bd73", size = 10578325, upload-time = "2026-01-10T06:42:38.518Z" },
    { url = "https://files.pythonhosted.org/packages/1e/48/d86f97919e79314a1cdee4c832178763e6e98e623e123d0bada19e92c15a/numpy-2.4.1-pp311-pypy311_pp73-macosx_10_15_x86_64.whl", hash = "sha256:8ad35f20be147a204e28b6a0575fbf3540c5e5f802634d4258d55b1ff5facce1", size = 16822202, upload-time = "2026-01-10T06:44:43.738Z" },
    { url = "https://files.pythonhosted.org/packages/51/e9/1e62a7f77e0f37dcfb0ad6a9744e65df00242b6ea37dfafb55debcbf5b55/numpy-2.4.1-pp311-pypy311_pp73-macosx_11_0_arm64.whl", hash = "sha256:8097529164c0f3e32bb89412a0905d9100bf434d9692d9fc275e18dcf53c9344", size = 12569985, upload-time = "2026-01-10T06:44:45.945Z" },
    { url = "https://files.pythonhosted.org/packages/c7/7e/914d54f0c801342306fdcdce3e994a56476f1b818c46c47fc21ae968088c/numpy-2.4.1-pp311-pypy311_pp73-macosx_14_0_arm64.whl", hash = "sha256:ea66d2b41ca4a1630aae5507ee0a71647d3124d1741980138aa8f28f44dac36e", size = 5398484, upload-time = "2026-01-10T06:44:48.012Z" },
    { url = "https://files.pythonhosted.org/packages/1c/d8/9570b68584e293a33474e7b5a77ca404f1dcc655e40050a600dee81d27fb/numpy-2.4.1-pp311-pypy311_pp73-macosx_14_0_x86_64.whl", hash = "sha256:d3f8f0df9f4b8be57b3bf74a1d087fec68f927a2fab68231fdb442bf2c12e426", size = 6713216, upload-time = "2026-01-10T06:44:49.725Z" },
    { url = "https://files.pythonhosted.org/packages/33/9b/9dd6e2db8d49eb24f86acaaa5258e5f4c8ed38209a4ee9de2d1a0ca25045/numpy-2.4.1-pp311-pypy311_pp73-manylinux_2_27_aarch64.manylinux_2_28_aarch64.whl", hash = "sha256:2023ef86243690c2791fd6353e5b4848eedaa88ca8a2d129f462049f6d484696", size = 14538937, upload-time = "2026-01-10T06:44:51.498Z" },
    { url = "https://files.pythonhosted.org/packages/53/87/d5bd995b0f798a37105b876350d346eea5838bd8f77ea3d7a48392f3812b/numpy-2.4.1-pp311-pypy311_pp73-manylinux_2_27_x86_64.manylinux_2_28_x86_64.whl", hash = "sha256:8361ea4220d763e54cff2fbe7d8c93526b744f7cd9ddab47afeff7e14e8503be", size = 16479830, upload-time = "2026-01-10T06:44:53.931Z" },
    { url = "https://files.pythonhosted.org/packages/5b/c7/b801bf98514b6ae6475e941ac05c58e6411dd863ea92916bfd6d510b08c1/numpy-2.4.1-pp311-pypy311_pp73-win_amd64.whl", hash = "sha256:4f1b68ff47680c2925f8063402a693ede215f0257f02596b1318ecdfb1d79e33", size = 12492579, upload-time = "2026-01-10T06:44:57.094Z" },
]

[[package]]
name = "nvidia-cublas-cu12"
version = "12.8.4.1"
source = { registry = "https://pypi.org/simple" }
wheels = [
    { url = "https://files.pythonhosted.org/packages/dc/61/e24b560ab2e2eaeb3c839129175fb330dfcfc29e5203196e5541a4c44682/nvidia_cublas_cu12-12.8.4.1-py3-none-manylinux_2_27_x86_64.whl", hash = "sha256:8ac4e771d5a348c551b2a426eda6193c19aa630236b418086020df5ba9667142", size = 594346921, upload-time = "2025-03-07T01:44:31.254Z" },
]

[[package]]
name = "nvidia-cuda-cupti-cu12"
version = "12.8.90"
source = { registry = "https://pypi.org/simple" }
wheels = [
    { url = "https://files.pythonhosted.org/packages/f8/02/2adcaa145158bf1a8295d83591d22e4103dbfd821bcaf6f3f53151ca4ffa/nvidia_cuda_cupti_cu12-12.8.90-py3-none-manylinux2014_x86_64.manylinux_2_17_x86_64.whl", hash = "sha256:ea0cb07ebda26bb9b29ba82cda34849e73c166c18162d3913575b0c9db9a6182", size = 10248621, upload-time = "2025-03-07T01:40:21.213Z" },
]

[[package]]
name = "nvidia-cuda-nvrtc-cu12"
version = "12.8.93"
source = { registry = "https://pypi.org/simple" }
wheels = [
    { url = "https://files.pythonhosted.org/packages/05/6b/32f747947df2da6994e999492ab306a903659555dddc0fbdeb9d71f75e52/nvidia_cuda_nvrtc_cu12-12.8.93-py3-none-manylinux2010_x86_64.manylinux_2_12_x86_64.whl", hash = "sha256:a7756528852ef889772a84c6cd89d41dfa74667e24cca16bb31f8f061e3e9994", size = 88040029, upload-time = "2025-03-07T01:42:13.562Z" },
]

[[package]]
name = "nvidia-cuda-runtime-cu12"
version = "12.8.90"
source = { registry = "https://pypi.org/simple" }
wheels = [
    { url = "https://files.pythonhosted.org/packages/0d/9b/a997b638fcd068ad6e4d53b8551a7d30fe8b404d6f1804abf1df69838932/nvidia_cuda_runtime_cu12-12.8.90-py3-none-manylinux2014_x86_64.manylinux_2_17_x86_64.whl", hash = "sha256:adade8dcbd0edf427b7204d480d6066d33902cab2a4707dcfc48a2d0fd44ab90", size = 954765, upload-time = "2025-03-07T01:40:01.615Z" },
]

[[package]]
name = "nvidia-cudnn-cu12"
version = "9.10.2.21"
source = { registry = "https://pypi.org/simple" }
dependencies = [
    { name = "nvidia-cublas-cu12" },
]
wheels = [
    { url = "https://files.pythonhosted.org/packages/ba/51/e123d997aa098c61d029f76663dedbfb9bc8dcf8c60cbd6adbe42f76d049/nvidia_cudnn_cu12-9.10.2.21-py3-none-manylinux_2_27_x86_64.whl", hash = "sha256:949452be657fa16687d0930933f032835951ef0892b37d2d53824d1a84dc97a8", size = 706758467, upload-time = "2025-06-06T21:54:08.597Z" },
]

[[package]]
name = "nvidia-cufft-cu12"
version = "11.3.3.83"
source = { registry = "https://pypi.org/simple" }
dependencies = [
    { name = "nvidia-nvjitlink-cu12" },
]
wheels = [
    { url = "https://files.pythonhosted.org/packages/1f/13/ee4e00f30e676b66ae65b4f08cb5bcbb8392c03f54f2d5413ea99a5d1c80/nvidia_cufft_cu12-11.3.3.83-py3-none-manylinux2014_x86_64.manylinux_2_17_x86_64.whl", hash = "sha256:4d2dd21ec0b88cf61b62e6b43564355e5222e4a3fb394cac0db101f2dd0d4f74", size = 193118695, upload-time = "2025-03-07T01:45:27.821Z" },
]

[[package]]
name = "nvidia-cufile-cu12"
version = "1.13.1.3"
source = { registry = "https://pypi.org/simple" }
wheels = [
    { url = "https://files.pythonhosted.org/packages/bb/fe/1bcba1dfbfb8d01be8d93f07bfc502c93fa23afa6fd5ab3fc7c1df71038a/nvidia_cufile_cu12-1.13.1.3-py3-none-manylinux2014_x86_64.manylinux_2_17_x86_64.whl", hash = "sha256:1d069003be650e131b21c932ec3d8969c1715379251f8d23a1860554b1cb24fc", size = 1197834, upload-time = "2025-03-07T01:45:50.723Z" },
]

[[package]]
name = "nvidia-curand-cu12"
version = "10.3.9.90"
source = { registry = "https://pypi.org/simple" }
wheels = [
    { url = "https://files.pythonhosted.org/packages/fb/aa/6584b56dc84ebe9cf93226a5cde4d99080c8e90ab40f0c27bda7a0f29aa1/nvidia_curand_cu12-10.3.9.90-py3-none-manylinux_2_27_x86_64.whl", hash = "sha256:b32331d4f4df5d6eefa0554c565b626c7216f87a06a4f56fab27c3b68a830ec9", size = 63619976, upload-time = "2025-03-07T01:46:23.323Z" },
]

[[package]]
name = "nvidia-cusolver-cu12"
version = "11.7.3.90"
source = { registry = "https://pypi.org/simple" }
dependencies = [
    { name = "nvidia-cublas-cu12" },
    { name = "nvidia-cusparse-cu12" },
    { name = "nvidia-nvjitlink-cu12" },
]
wheels = [
    { url = "https://files.pythonhosted.org/packages/85/48/9a13d2975803e8cf2777d5ed57b87a0b6ca2cc795f9a4f59796a910bfb80/nvidia_cusolver_cu12-11.7.3.90-py3-none-manylinux_2_27_x86_64.whl", hash = "sha256:4376c11ad263152bd50ea295c05370360776f8c3427b30991df774f9fb26c450", size = 267506905, upload-time = "2025-03-07T01:47:16.273Z" },
]

[[package]]
name = "nvidia-cusparse-cu12"
version = "12.5.8.93"
source = { registry = "https://pypi.org/simple" }
dependencies = [
    { name = "nvidia-nvjitlink-cu12" },
]
wheels = [
    { url = "https://files.pythonhosted.org/packages/c2/f5/e1854cb2f2bcd4280c44736c93550cc300ff4b8c95ebe370d0aa7d2b473d/nvidia_cusparse_cu12-12.5.8.93-py3-none-manylinux2014_x86_64.manylinux_2_17_x86_64.whl", hash = "sha256:1ec05d76bbbd8b61b06a80e1eaf8cf4959c3d4ce8e711b65ebd0443bb0ebb13b", size = 288216466, upload-time = "2025-03-07T01:48:13.779Z" },
]

[[package]]
name = "nvidia-cusparselt-cu12"
version = "0.7.1"
source = { registry = "https://pypi.org/simple" }
wheels = [
    { url = "https://files.pythonhosted.org/packages/56/79/12978b96bd44274fe38b5dde5cfb660b1d114f70a65ef962bcbbed99b549/nvidia_cusparselt_cu12-0.7.1-py3-none-manylinux2014_x86_64.whl", hash = "sha256:f1bb701d6b930d5a7cea44c19ceb973311500847f81b634d802b7b539dc55623", size = 287193691, upload-time = "2025-02-26T00:15:44.104Z" },
]

[[package]]
name = "nvidia-nccl-cu12"
version = "2.27.5"
source = { registry = "https://pypi.org/simple" }
wheels = [
    { url = "https://files.pythonhosted.org/packages/6e/89/f7a07dc961b60645dbbf42e80f2bc85ade7feb9a491b11a1e973aa00071f/nvidia_nccl_cu12-2.27.5-py3-none-manylinux2014_x86_64.manylinux_2_17_x86_64.whl", hash = "sha256:ad730cf15cb5d25fe849c6e6ca9eb5b76db16a80f13f425ac68d8e2e55624457", size = 322348229, upload-time = "2025-06-26T04:11:28.385Z" },
]

[[package]]
name = "nvidia-nvjitlink-cu12"
version = "12.8.93"
source = { registry = "https://pypi.org/simple" }
wheels = [
    { url = "https://files.pythonhosted.org/packages/f6/74/86a07f1d0f42998ca31312f998bd3b9a7eff7f52378f4f270c8679c77fb9/nvidia_nvjitlink_cu12-12.8.93-py3-none-manylinux2010_x86_64.manylinux_2_12_x86_64.whl", hash = "sha256:81ff63371a7ebd6e6451970684f916be2eab07321b73c9d244dc2b4da7f73b88", size = 39254836, upload-time = "2025-03-07T01:49:55.661Z" },
]

[[package]]
name = "nvidia-nvshmem-cu12"
version = "3.3.20"
source = { registry = "https://pypi.org/simple" }
wheels = [
    { url = "https://files.pythonhosted.org/packages/3b/6c/99acb2f9eb85c29fc6f3a7ac4dccfd992e22666dd08a642b303311326a97/nvidia_nvshmem_cu12-3.3.20-py3-none-manylinux2014_x86_64.manylinux_2_17_x86_64.whl", hash = "sha256:d00f26d3f9b2e3c3065be895e3059d6479ea5c638a3f38c9fec49b1b9dd7c1e5", size = 124657145, upload-time = "2025-08-04T20:25:19.995Z" },
]

[[package]]
name = "nvidia-nvtx-cu12"
version = "12.8.90"
source = { registry = "https://pypi.org/simple" }
wheels = [
    { url = "https://files.pythonhosted.org/packages/a2/eb/86626c1bbc2edb86323022371c39aa48df6fd8b0a1647bc274577f72e90b/nvidia_nvtx_cu12-12.8.90-py3-none-manylinux2014_x86_64.manylinux_2_17_x86_64.whl", hash = "sha256:5b17e2001cc0d751a5bc2c6ec6d26ad95913324a4adb86788c944f8ce9ba441f", size = 89954, upload-time = "2025-03-07T01:42:44.131Z" },
]

[[package]]
name = "pillow"
version = "12.1.0"
source = { registry = "https://pypi.org/simple" }
sdist = { url = "https://files.pythonhosted.org/packages/d0/02/d52c733a2452ef1ffcc123b68e6606d07276b0e358db70eabad7e40042b7/pillow-12.1.0.tar.gz", hash = "sha256:5c5ae0a06e9ea030ab786b0251b32c7e4ce10e58d983c0d5c56029455180b5b9", size = 46977283, upload-time = "2026-01-02T09:13:29.892Z" }
wheels = [
    { url = "https://files.pythonhosted.org/packages/43/c4/bf8328039de6cc22182c3ef007a2abfbbdab153661c0a9aa78af8d706391/pillow-12.1.0-cp311-cp311-macosx_10_10_x86_64.whl", hash = "sha256:a83e0850cb8f5ac975291ebfc4170ba481f41a28065277f7f735c202cd8e0af3", size = 5304057, upload-time = "2026-01-02T09:10:46.627Z" },
    { url = "https://files.pythonhosted.org/packages/43/06/7264c0597e676104cc22ca73ee48f752767cd4b1fe084662620b17e10120/pillow-12.1.0-cp311-cp311-macosx_11_0_arm64.whl", hash = "sha256:b6e53e82ec2db0717eabb276aa56cf4e500c9a7cec2c2e189b55c24f65a3e8c0", size = 4657811, upload-time = "2026-01-02T09:10:49.548Z" },
    { url = "https://files.pythonhosted.org/packages/72/64/f9189e44474610daf83da31145fa56710b627b5c4c0b9c235e34058f6b31/pillow-12.1.0-cp311-cp311-manylinux2014_aarch64.manylinux_2_17_aarch64.whl", hash = "sha256:40a8e3b9e8773876d6e30daed22f016509e3987bab61b3b7fe309d7019a87451", size = 6232243, upload-time = "2026-01-02T09:10:51.62Z" },
    { url = "https://files.pythonhosted.org/packages/ef/30/0df458009be6a4caca4ca2c52975e6275c387d4e5c95544e34138b41dc86/pillow-12.1.0-cp311-cp311-manylinux2014_x86_64.manylinux_2_17_x86_64.whl", hash = "sha256:800429ac32c9b72909c671aaf17ecd13110f823ddb7db4dfef412a5587c2c24e", size = 8037872, upload-time = "2026-01-02T09:10:53.446Z" },
    { url = "https://files.pythonhosted.org/packages/e4/86/95845d4eda4f4f9557e25381d70876aa213560243ac1a6d619c46caaedd9/pillow-12.1.0-cp311-cp311-manylinux_2_27_aarch64.manylinux_2_28_aarch64.whl", hash = "sha256:0b022eaaf709541b391ee069f0022ee5b36c709df71986e3f7be312e46f42c84", size = 6345398, upload-time = "2026-01-02T09:10:55.426Z" },
    { url = "https://files.pythonhosted.org/packages/5c/1f/8e66ab9be3aaf1435bc03edd1ebdf58ffcd17f7349c1d970cafe87af27d9/pillow-12.1.0-cp311-cp311-manylinux_2_27_x86_64.manylinux_2_28_x86_64.whl", hash = "sha256:1f345e7bc9d7f368887c712aa5054558bad44d2a301ddf9248599f4161abc7c0", size = 7034667, upload-time = "2026-01-02T09:10:57.11Z" },
    { url = "https://files.pythonhosted.org/packages/f9/f6/683b83cb9b1db1fb52b87951b1c0b99bdcfceaa75febf11406c19f82cb5e/pillow-12.1.0-cp311-cp311-musllinux_1_2_aarch64.whl", hash = "sha256:d70347c8a5b7ccd803ec0c85c8709f036e6348f1e6a5bf048ecd9c64d3550b8b", size = 6458743, upload-time = "2026-01-02T09:10:59.331Z" },
    { url = "https://files.pythonhosted.org/packages/9a/7d/de833d63622538c1d58ce5395e7c6cb7e7dce80decdd8bde4a484e095d9f/pillow-12.1.0-cp311-cp311-musllinux_1_2_x86_64.whl", hash = "sha256:1fcc52d86ce7a34fd17cb04e87cfdb164648a3662a6f20565910a99653d66c18", size = 7159342, upload-time = "2026-01-02T09:11:01.82Z" },
    { url = "https://files.pythonhosted.org/packages/8c/40/50d86571c9e5868c42b81fe7da0c76ca26373f3b95a8dd675425f4a92ec1/pillow-12.1.0-cp311-cp311-win32.whl", hash = "sha256:3ffaa2f0659e2f740473bcf03c702c39a8d4b2b7ffc629052028764324842c64", size = 6328655, upload-time = "2026-01-02T09:11:04.556Z" },
    { url = "https://files.pythonhosted.org/packages/6c/af/b1d7e301c4cd26cd45d4af884d9ee9b6fab893b0ad2450d4746d74a6968c/pillow-12.1.0-cp311-cp311-win_amd64.whl", hash = "sha256:806f3987ffe10e867bab0ddad45df1148a2b98221798457fa097ad85d6e8bc75", size = 7031469, upload-time = "2026-01-02T09:11:06.538Z" },
    { url = "https://files.pythonhosted.org/packages/48/36/d5716586d887fb2a810a4a61518a327a1e21c8b7134c89283af272efe84b/pillow-12.1.0-cp311-cp311-win_arm64.whl", hash = "sha256:9f5fefaca968e700ad1a4a9de98bf0869a94e397fe3524c4c9450c1445252304", size = 2452515, upload-time = "2026-01-02T09:11:08.226Z" },
    { url = "https://files.pythonhosted.org/packages/8b/bc/224b1d98cffd7164b14707c91aac83c07b047fbd8f58eba4066a3e53746a/pillow-12.1.0-pp311-pypy311_pp73-macosx_10_15_x86_64.whl", hash = "sha256:ca94b6aac0d7af2a10ba08c0f888b3d5114439b6b3ef39968378723622fed377", size = 5228605, upload-time = "2026-01-02T09:13:14.084Z" },
    { url = "https://files.pythonhosted.org/packages/0c/ca/49ca7769c4550107de049ed85208240ba0f330b3f2e316f24534795702ce/pillow-12.1.0-pp311-pypy311_pp73-macosx_11_0_arm64.whl", hash = "sha256:351889afef0f485b84078ea40fe33727a0492b9af3904661b0abbafee0355b72", size = 4622245, upload-time = "2026-01-02T09:13:15.964Z" },
    { url = "https://files.pythonhosted.org/packages/73/48/fac807ce82e5955bcc2718642b94b1bd22a82a6d452aea31cbb678cddf12/pillow-12.1.0-pp311-pypy311_pp73-manylinux2014_aarch64.manylinux_2_17_aarch64.whl", hash = "sha256:bb0984b30e973f7e2884362b7d23d0a348c7143ee559f38ef3eaab640144204c", size = 5247593, upload-time = "2026-01-02T09:13:17.913Z" },
    { url = "https://files.pythonhosted.org/packages/d2/95/3e0742fe358c4664aed4fd05d5f5373dcdad0b27af52aa0972568541e3f4/pillow-12.1.0-pp311-pypy311_pp73-manylinux2014_x86_64.manylinux_2_17_x86_64.whl", hash = "sha256:84cabc7095dd535ca934d57e9ce2a72ffd216e435a84acb06b2277b1de2689bd", size = 6989008, upload-time = "2026-01-02T09:13:20.083Z" },
    { url = "https://files.pythonhosted.org/packages/5a/74/fe2ac378e4e202e56d50540d92e1ef4ff34ed687f3c60f6a121bcf99437e/pillow-12.1.0-pp311-pypy311_pp73-manylinux_2_27_aarch64.manylinux_2_28_aarch64.whl", hash = "sha256:53d8b764726d3af1a138dd353116f774e3862ec7e3794e0c8781e30db0f35dfc", size = 5313824, upload-time = "2026-01-02T09:13:22.405Z" },
    { url = "https://files.pythonhosted.org/packages/f3/77/2a60dee1adee4e2655ac328dd05c02a955c1cd683b9f1b82ec3feb44727c/pillow-12.1.0-pp311-pypy311_pp73-manylinux_2_27_x86_64.manylinux_2_28_x86_64.whl", hash = "sha256:5da841d81b1a05ef940a8567da92decaa15bc4d7dedb540a8c219ad83d91808a", size = 5963278, upload-time = "2026-01-02T09:13:24.706Z" },
    { url = "https://files.pythonhosted.org/packages/2d/71/64e9b1c7f04ae0027f788a248e6297d7fcc29571371fe7d45495a78172c0/pillow-12.1.0-pp311-pypy311_pp73-win_amd64.whl", hash = "sha256:75af0b4c229ac519b155028fa1be632d812a519abba9b46b20e50c6caa184f19", size = 7029809, upload-time = "2026-01-02T09:13:26.541Z" },
]

[[package]]
name = "sympy"
version = "1.14.0"
source = { registry = "https://pypi.org/simple" }
dependencies = [
    { name = "mpmath" },
]
sdist = { url = "https://files.pythonhosted.org/packages/83/d3/803453b36afefb7c2bb238361cd4ae6125a569b4db67cd9e79846ba2d68c/sympy-1.14.0.tar.gz", hash = "sha256:d3d3fe8df1e5a0b42f0e7bdf50541697dbe7d23746e894990c030e2b05e72517", size = 7793921, upload-time = "2025-04-27T18:05:01.611Z" }
wheels = [
    { url = "https://files.pythonhosted.org/packages/a2/09/77d55d46fd61b4a135c444fc97158ef34a095e5681d0a6c10b75bf356191/sympy-1.14.0-py3-none-any.whl", hash = "sha256:e091cc3e99d2141a0ba2847328f5479b05d94a6635cb96148ccb3f34671bd8f5", size = 6299353, upload-time = "2025-04-27T18:04:59.103Z" },
]

[[package]]
name = "torch"
version = "2.9.1"
source = { registry = "https://pypi.org/simple" }
dependencies = [
    { name = "filelock" },
    { name = "fsspec" },
    { name = "jinja2" },
    { name = "networkx" },
    { name = "nvidia-cublas-cu12", marker = "platform_machine == 'x86_64' and sys_platform == 'linux'" },
    { name = "nvidia-cuda-cupti-cu12", marker = "platform_machine == 'x86_64' and sys_platform == 'linux'" },
    { name = "nvidia-cuda-nvrtc-cu12", marker = "platform_machine == 'x86_64' and sys_platform == 'linux'" },
    { name = "nvidia-cuda-runtime-cu12", marker = "platform_machine == 'x86_64' and sys_platform == 'linux'" },
    { name = "nvidia-cudnn-cu12", marker = "platform_machine == 'x86_64' and sys_platform == 'linux'" },
    { name = "nvidia-cufft-cu12", marker = "platform_machine == 'x86_64' and sys_platform == 'linux'" },
    { name = "nvidia-cufile-cu12", marker = "platform_machine == 'x86_64' and sys_platform == 'linux'" },
    { name = "nvidia-curand-cu12", marker = "platform_machine == 'x86_64' and sys_platform == 'linux'" },
    { name = "nvidia-cusolver-cu12", marker = "platform_machine == 'x86_64' and sys_platform == 'linux'" },
    { name = "nvidia-cusparse-cu12", marker = "platform_machine == 'x86_64' and sys_platform == 'linux'" },
    { name = "nvidia-cusparselt-cu12", marker = "platform_machine == 'x86_64' and sys_platform == 'linux'" },
    { name = "nvidia-nccl-cu12", marker = "platform_machine == 'x86_64' and sys_platform == 'linux'" },
    { name = "nvidia-nvjitlink-cu12", marker = "platform_machine == 'x86_64' and sys_platform == 'linux'" },
    { name = "nvidia-nvshmem-cu12", marker = "platform_machine == 'x86_64' and sys_platform == 'linux'" },
    { name = "nvidia-nvtx-cu12", marker = "platform_machine == 'x86_64' and sys_platform == 'linux'" },
    { name = "sympy" },
    { name = "triton", marker = "platform_machine == 'x86_64' and sys_platform == 'linux'" },
    { name = "typing-extensions" },
]
wheels = [
    { url = "https://files.pythonhosted.org/packages/15/db/c064112ac0089af3d2f7a2b5bfbabf4aa407a78b74f87889e524b91c5402/torch-2.9.1-cp311-cp311-manylinux_2_28_aarch64.whl", hash = "sha256:62b3fd888277946918cba4478cf849303da5359f0fb4e3bfb86b0533ba2eaf8d", size = 104220430, upload-time = "2025-11-12T15:20:31.705Z" },
    { url = "https://files.pythonhosted.org/packages/56/be/76eaa36c9cd032d3b01b001e2c5a05943df75f26211f68fae79e62f87734/torch-2.9.1-cp311-cp311-manylinux_2_28_x86_64.whl", hash = "sha256:d033ff0ac3f5400df862a51bdde9bad83561f3739ea0046e68f5401ebfa67c1b", size = 899821446, upload-time = "2025-11-12T15:20:15.544Z" },
    { url = "https://files.pythonhosted.org/packages/47/cc/7a2949e38dfe3244c4df21f0e1c27bce8aedd6c604a587dd44fc21017cb4/torch-2.9.1-cp311-cp311-win_amd64.whl", hash = "sha256:0d06b30a9207b7c3516a9e0102114024755a07045f0c1d2f2a56b1819ac06bcb", size = 110973074, upload-time = "2025-11-12T15:21:39.958Z" },
    { url = "https://files.pythonhosted.org/packages/1e/ce/7d251155a783fb2c1bb6837b2b7023c622a2070a0a72726ca1df47e7ea34/torch-2.9.1-cp311-none-macosx_11_0_arm64.whl", hash = "sha256:52347912d868653e1528b47cafaf79b285b98be3f4f35d5955389b1b95224475", size = 74463887, upload-time = "2025-11-12T15:20:36.611Z" },
]

[[package]]
name = "torchvision"
version = "0.24.1"
source = { registry = "https://pypi.org/simple" }
dependencies = [
    { name = "numpy" },
    { name = "pillow" },
    { name = "torch" },
]
wheels = [
    { url = "https://files.pythonhosted.org/packages/e7/69/30f5f03752aa1a7c23931d2519b31e557f3f10af5089d787cddf3b903ecf/torchvision-0.24.1-cp311-cp311-macosx_11_0_arm64.whl", hash = "sha256:056c525dc875f18fe8e9c27079ada166a7b2755cea5a2199b0bc7f1f8364e600", size = 1891436, upload-time = "2025-11-12T15:25:04.3Z" },
    { url = "https://files.pythonhosted.org/packages/0c/69/49aae86edb75fe16460b59a191fcc0f568c2378f780bb063850db0fe007a/torchvision-0.24.1-cp311-cp311-manylinux_2_28_aarch64.whl", hash = "sha256:1e39619de698e2821d71976c92c8a9e50cdfd1e993507dfb340f2688bfdd8283", size = 2387757, upload-time = "2025-11-12T15:25:06.795Z" },
    { url = "https://files.pythonhosted.org/packages/11/c9/1dfc3db98797b326f1d0c3f3bb61c83b167a813fc7eab6fcd2edb8c7eb9d/torchvision-0.24.1-cp311-cp311-manylinux_2_28_x86_64.whl", hash = "sha256:a0f106663e60332aa4fcb1ca2159ef8c3f2ed266b0e6df88de261048a840e0df", size = 8047682, upload-time = "2025-11-12T15:25:21.125Z" },
    { url = "https://files.pythonhosted.org/packages/fa/bb/cfc6a6f6ccc84a534ed1fdf029ae5716dd6ff04e57ed9dc2dab38bf652d5/torchvision-0.24.1-cp311-cp311-win_amd64.whl", hash = "sha256:a9308cdd37d8a42e14a3e7fd9d271830c7fecb150dd929b642f3c1460514599a", size = 4037588, upload-time = "2025-11-12T15:25:14.402Z" },
]

[[package]]
name = "triton"
version = "3.5.1"
source = { registry = "https://pypi.org/simple" }
wheels = [
    { url = "https://files.pythonhosted.org/packages/b0/72/ec90c3519eaf168f22cb1757ad412f3a2add4782ad3a92861c9ad135d886/triton-3.5.1-cp311-cp311-manylinux_2_27_x86_64.manylinux_2_28_x86_64.whl", hash = "sha256:61413522a48add32302353fdbaaf92daaaab06f6b5e3229940d21b5207f47579", size = 170425802, upload-time = "2025-11-11T17:40:53.209Z" },
]

[[package]]
name = "typing-extensions"
version = "4.15.0"
source = { registry = "https://pypi.org/simple" }
sdist = { url = "https://files.pythonhosted.org/packages/72/94/1a15dd82efb362ac84269196e94cf00f187f7ed21c242792a923cdb1c61f/typing_extensions-4.15.0.tar.gz", hash = "sha256:0cea48d173cc12fa28ecabc3b837ea3cf6f38c6d1136f85cbaaf598984861466", size = 109391, upload-time = "2025-08-25T13:49:26.313Z" }
wheels = [
    { url = "https://files.pythonhosted.org/packages/18/67/36e9267722cc04a6b9f15c7f3441c2363321a3ea07da7ae0c0707beb2a9c/typing_extensions-4.15.0-py3-none-any.whl", hash = "sha256:f0fa19c6845758ab08074a0cfa8b7aecb71c999ca73d62883bc25cc018c4e548", size = 44614, upload-time = "2025-08-25T13:49:24.86Z" },
]
